{
  "name": "ecommerce",
  "version": "1.0.0",
  "lockfileVersion": 1,
  "requires": true,
  "dependencies": {
    "@sanity/cli": {
      "version": "2.30.2",
      "resolved": "https://registry.npmjs.org/@sanity/cli/-/cli-2.30.2.tgz",
      "integrity": "sha512-kS6xH38TWCH0yDpzhURghsacxjUcoDYN/R8xSutEkY70FvYm0x7/bfRuOiFYfdR4wrSE9LAu+50NsCmD3L39Ww=="
    }
  }
}
